
Microsoft Visual Studio Solution File, Format Version 12.00
# Visual Studio Version 16
VisualStudioVersion = 16.0.31321.278
MinimumVisualStudioVersion = 10.0.40219.1
Project("{FAE04EC0-301F-11D3-BF4B-00C04F79EFBC}") = "unrailed-saver", "unrailed-saver.csproj", "{03796A84-6210-41CE-A716-57E33C24B66A}"
EndProject
Global
	GlobalSection(SolutionConfigurationPlatforms) = preSolution
		Debug|Any CPU = Debug|Any CPU
		Release|Any CPU = Release|Any CPU
	EndGlobalSection
	GlobalSection(ProjectConfigurationPlatforms) = postSolution
		{03796A84-6210-41CE-A716-57E33C24B66A}.Debug|Any CPU.ActiveCfg = Debug|Any CPU
		{03796A84-6210-41CE-A716-57E33C24B66A}.Debug|Any CPU.Build.0 = Debug|Any CPU
		{03796A84-6210-41CE-A716-57E33C24B66A}.Release|Any CPU.ActiveCfg = Release|Any CPU
		{03796A84-6210-41CE-A716-57E33C24B66A}.Release|Any CPU.Build.0 = Release|Any CPU
	EndGlobalSection
	GlobalSection(SolutionProperties) = preSolution
		HideSolutionNode = FALSE
	EndGlobalSection
	GlobalSection(ExtensibilityGlobals) = postSolution
		SolutionGuid = {BE3B5FE4-80D1-4805-93A5-335F29B5A7EE}
	EndGlobalSection
EndGlobal
